
Microsoft Visual Studio Solution File, Format Version 12.00
# Visual Studio Version 16
VisualStudioVersion = 16.0.29609.76
MinimumVisualStudioVersion = 10.0.40219.1
Project("{FAE04EC0-301F-11D3-BF4B-00C04F79EFBC}") = "climateResearch", "climateResearch\climateResearch.csproj", "{0ED36F8C-DD77-47E4-8A5C-D6CE0F03D8F3}"
EndProject
Global
	GlobalSection(SolutionConfigurationPlatforms) = preSolution
		Debug|Any CPU = Debug|Any CPU
		Release|Any CPU = Release|Any CPU
	EndGlobalSection
	GlobalSection(ProjectConfigurationPlatforms) = postSolution
		{0ED36F8C-DD77-47E4-8A5C-D6CE0F03D8F3}.Debug|Any CPU.ActiveCfg = Debug|Any CPU
		{0ED36F8C-DD77-47E4-8A5C-D6CE0F03D8F3}.Debug|Any CPU.Build.0 = Debug|Any CPU
		{0ED36F8C-DD77-47E4-8A5C-D6CE0F03D8F3}.Release|Any CPU.ActiveCfg = Release|Any CPU
		{0ED36F8C-DD77-47E4-8A5C-D6CE0F03D8F3}.Release|Any CPU.Build.0 = Release|Any CPU
	EndGlobalSection
	GlobalSection(SolutionProperties) = preSolution
		HideSolutionNode = FALSE
	EndGlobalSection
	GlobalSection(ExtensibilityGlobals) = postSolution
		SolutionGuid = {F491828E-7BE1-4A21-AE1D-80F5823B4CAD}
	EndGlobalSection
EndGlobal
